
Microsoft Visual Studio Solution File, Format Version 12.00
# Visual Studio 15
VisualStudioVersion = 15.0.28307.271
MinimumVisualStudioVersion = 10.0.40219.1
Project("{FAE04EC0-301F-11D3-BF4B-00C04F79EFBC}") = "rabbitStairs", "rabbitStairs\rabbitStairs.csproj", "{3A7DA4A4-CED5-4139-AD37-539A02FA0D30}"
EndProject
Global
	GlobalSection(SolutionConfigurationPlatforms) = preSolution
		Debug|Any CPU = Debug|Any CPU
		Release|Any CPU = Release|Any CPU
	EndGlobalSection
	GlobalSection(ProjectConfigurationPlatforms) = postSolution
		{3A7DA4A4-CED5-4139-AD37-539A02FA0D30}.Debug|Any CPU.ActiveCfg = Debug|Any CPU
		{3A7DA4A4-CED5-4139-AD37-539A02FA0D30}.Debug|Any CPU.Build.0 = Debug|Any CPU
		{3A7DA4A4-CED5-4139-AD37-539A02FA0D30}.Release|Any CPU.ActiveCfg = Release|Any CPU
		{3A7DA4A4-CED5-4139-AD37-539A02FA0D30}.Release|Any CPU.Build.0 = Release|Any CPU
	EndGlobalSection
	GlobalSection(SolutionProperties) = preSolution
		HideSolutionNode = FALSE
	EndGlobalSection
	GlobalSection(ExtensibilityGlobals) = postSolution
		SolutionGuid = {C9D2715D-D80E-41EB-B63E-1B715474988C}
	EndGlobalSection
EndGlobal
